
Microsoft Visual Studio Solution File, Format Version 12.00
# Visual Studio 14
VisualStudioVersion = 14.0.25420.1
MinimumVisualStudioVersion = 10.0.40219.1
Project("{FAE04EC0-301F-11D3-BF4B-00C04F79EFBC}") = "CompanyFileUpload", "CompanyFileUpload\CompanyFileUpload.csproj", "{2CFC8DCA-3368-43BD-A5CF-89993DBB5DC8}"
EndProject
Project("{FAE04EC0-301F-11D3-BF4B-00C04F79EFBC}") = "BusinessLayer", "BusinessLayer\BusinessLayer.csproj", "{E74CC187-3740-41C0-AA23-418461B1FAA0}"
EndProject
Global
	GlobalSection(SolutionConfigurationPlatforms) = preSolution
		Debug|Any CPU = Debug|Any CPU
		Release|Any CPU = Release|Any CPU
	EndGlobalSection
	GlobalSection(ProjectConfigurationPlatforms) = postSolution
		{2CFC8DCA-3368-43BD-A5CF-89993DBB5DC8}.Debug|Any CPU.ActiveCfg = Debug|Any CPU
		{2CFC8DCA-3368-43BD-A5CF-89993DBB5DC8}.Debug|Any CPU.Build.0 = Debug|Any CPU
		{2CFC8DCA-3368-43BD-A5CF-89993DBB5DC8}.Release|Any CPU.ActiveCfg = Release|Any CPU
		{2CFC8DCA-3368-43BD-A5CF-89993DBB5DC8}.Release|Any CPU.Build.0 = Release|Any CPU
		{E74CC187-3740-41C0-AA23-418461B1FAA0}.Debug|Any CPU.ActiveCfg = Debug|Any CPU
		{E74CC187-3740-41C0-AA23-418461B1FAA0}.Debug|Any CPU.Build.0 = Debug|Any CPU
		{E74CC187-3740-41C0-AA23-418461B1FAA0}.Release|Any CPU.ActiveCfg = Release|Any CPU
		{E74CC187-3740-41C0-AA23-418461B1FAA0}.Release|Any CPU.Build.0 = Release|Any CPU
	EndGlobalSection
	GlobalSection(SolutionProperties) = preSolution
		HideSolutionNode = FALSE
	EndGlobalSection
EndGlobal
